// !$*UTF8*$!
{
	archiveVersion = 1;
	classes = {
	};
	objectVersion = 50;
	objects = {

/* Begin PBXBuildFile section */
		B61885262224868500A7950D /* AppDelegate.swift in Sources */ = {isa = PBXBuildFile; fileRef = B61885252224868500A7950D /* AppDelegate.swift */; };
		B618852B2224868500A7950D /* Main.storyboard in Resources */ = {isa = PBXBuildFile; fileRef = B61885292224868500A7950D /* Main.storyboard */; };
		B618852D2224868900A7950D /* Assets.xcassets in Resources */ = {isa = PBXBuildFile; fileRef = B618852C2224868900A7950D /* Assets.xcassets */; };
		B61885302224868900A7950D /* LaunchScreen.storyboard in Resources */ = {isa = PBXBuildFile; fileRef = B618852E2224868900A7950D /* LaunchScreen.storyboard */; };
		B618853C222486EE00A7950D /* CloudKit.framework in Frameworks */ = {isa = PBXBuildFile; fileRef = B618853B222486EE00A7950D /* CloudKit.framework */; };
		B618853E222487A200A7950D /* Entry.swift in Sources */ = {isa = PBXBuildFile; fileRef = B618853D222487A200A7950D /* Entry.swift */; };
/* End PBXBuildFile section */

/* Begin PBXFileReference section */
		B61885222224868500A7950D /* JournalCK.app */ = {isa = PBXFileReference; explicitFileType = wrapper.application; includeInIndex = 0; path = JournalCK.app; sourceTree = BUILT_PRODUCTS_DIR; };
		B61885252224868500A7950D /* AppDelegate.swift */ = {isa = PBXFileReference; lastKnownFileType = sourcecode.swift; path = AppDelegate.swift; sourceTree = "<group>"; };
		B618852A2224868500A7950D /* Base */ = {isa = PBXFileReference; lastKnownFileType = file.storyboard; name = Base; path = Base.lproj/Main.storyboard; sourceTree = "<group>"; };
		B618852C2224868900A7950D /* Assets.xcassets */ = {isa = PBXFileReference; lastKnownFileType = folder.assetcatalog; path = Assets.xcassets; sourceTree = "<group>"; };
		B618852F2224868900A7950D /* Base */ = {isa = PBXFileReference; lastKnownFileType = file.storyboard; name = Base; path = Base.lproj/LaunchScreen.storyboard; sourceTree = "<group>"; };
		B61885312224868900A7950D /* Info.plist */ = {isa = PBXFileReference; lastKnownFileType = text.plist.xml; path = Info.plist; sourceTree = "<group>"; };
		B6188539222486E800A7950D /* JournalCK.entitlements */ = {isa = PBXFileReference; lastKnownFileType = text.plist.entitlements; path = JournalCK.entitlements; sourceTree = "<group>"; };
		B618853B222486EE00A7950D /* CloudKit.framework */ = {isa = PBXFileReference; lastKnownFileType = wrapper.framework; name = CloudKit.framework; path = System/Library/Frameworks/CloudKit.framework; sourceTree = SDKROOT; };
		B618853D222487A200A7950D /* Entry.swift */ = {isa = PBXFileReference; lastKnownFileType = sourcecode.swift; path = Entry.swift; sourceTree = "<group>"; };
/* End PBXFileReference section */

/* Begin PBXFrameworksBuildPhase section */
		B618851F2224868500A7950D /* Frameworks */ = {
			isa = PBXFrameworksBuildPhase;
			buildActionMask = 2147483647;
			files = (
				B618853C222486EE00A7950D /* CloudKit.framework in Frameworks */,
			);
			runOnlyForDeploymentPostprocessing = 0;
		};
/* End PBXFrameworksBuildPhase section */

/* Begin PBXGroup section */
		B61885192224868500A7950D = {
			isa = PBXGroup;
			children = (
				B61885242224868500A7950D /* JournalCK */,
				B61885232224868500A7950D /* Products */,
				B618853A222486EE00A7950D /* Frameworks */,
			);
			sourceTree = "<group>";
		};
		B61885232224868500A7950D /* Products */ = {
			isa = PBXGroup;
			children = (
				B61885222224868500A7950D /* JournalCK.app */,
			);
			name = Products;
			sourceTree = "<group>";
		};
		B61885242224868500A7950D /* JournalCK */ = {
			isa = PBXGroup;
			children = (
				B6188539222486E800A7950D /* JournalCK.entitlements */,
				B61885252224868500A7950D /* AppDelegate.swift */,
				B618853F222487A600A7950D /* Model */,
				B6188538222486BD00A7950D /* View */,
				B6188537222486B500A7950D /* Resources */,
			);
			path = JournalCK;
			sourceTree = "<group>";
		};
		B6188537222486B500A7950D /* Resources */ = {
			isa = PBXGroup;
			children = (
				B618852C2224868900A7950D /* Assets.xcassets */,
				B618852E2224868900A7950D /* LaunchScreen.storyboard */,
				B61885312224868900A7950D /* Info.plist */,
			);
			path = Resources;
			sourceTree = "<group>";
		};
		B6188538222486BD00A7950D /* View */ = {
			isa = PBXGroup;
			children = (
				B61885292224868500A7950D /* Main.storyboard */,
			);
			path = View;
			sourceTree = "<group>";
		};
		B618853A222486EE00A7950D /* Frameworks */ = {
			isa = PBXGroup;
			children = (
				B618853B222486EE00A7950D /* CloudKit.framework */,
			);
			name = Frameworks;
			sourceTree = "<group>";
		};
		B618853F222487A600A7950D /* Model */ = {
			isa = PBXGroup;
			children = (
				B618853D222487A200A7950D /* Entry.swift */,
			);
			path = Model;
			sourceTree = "<group>";
		};
/* End PBXGroup section */

/* Begin PBXNativeTarget section */
		B61885212224868500A7950D /* JournalCK */ = {
			isa = PBXNativeTarget;
			buildConfigurationList = B61885342224868900A7950D /* Build configuration list for PBXNativeTarget "JournalCK" */;
			buildPhases = (
				B618851E2224868500A7950D /* Sources */,
				B618851F2224868500A7950D /* Frameworks */,
				B61885202224868500A7950D /* Resources */,
			);
			buildRules = (
			);
			dependencies = (
			);
			name = JournalCK;
			productName = JournalCK;
			productReference = B61885222224868500A7950D /* JournalCK.app */;
			productType = "com.apple.product-type.application";
		};
/* End PBXNativeTarget section */

/* Begin PBXProject section */
		B618851A2224868500A7950D /* Project object */ = {
			isa = PBXProject;
			attributes = {
				LastSwiftUpdateCheck = 1010;
				LastUpgradeCheck = 1010;
				ORGANIZATIONNAME = "Dominic Lanzillotta";
				TargetAttributes = {
					B61885212224868500A7950D = {
						CreatedOnToolsVersion = 10.1;
						SystemCapabilities = {
							com.apple.Push = {
								enabled = 1;
							};
							com.apple.iCloud = {
								enabled = 1;
							};
						};
					};
				};
			};
			buildConfigurationList = B618851D2224868500A7950D /* Build configuration list for PBXProject "JournalCK" */;
			compatibilityVersion = "Xcode 9.3";
			developmentRegion = en;
			hasScannedForEncodings = 0;
			knownRegions = (
				en,
				Base,
			);
			mainGroup = B61885192224868500A7950D;
			productRefGroup = B61885232224868500A7950D /* Products */;
			projectDirPath = "";
			projectRoot = "";
			targets = (
				B61885212224868500A7950D /* JournalCK */,
			);
		};
/* End PBXProject section */

/* Begin PBXResourcesBuildPhase section */
		B61885202224868500A7950D /* Resources */ = {
			isa = PBXResourcesBuildPhase;
			buildActionMask = 2147483647;
			files = (
				B61885302224868900A7950D /* LaunchScreen.storyboard in Resources */,
				B618852D2224868900A7950D /* Assets.xcassets in Resources */,
				B618852B2224868500A7950D /* Main.storyboard in Resources */,
			);
			runOnlyForDeploymentPostprocessing = 0;
		};
/* End PBXResourcesBuildPhase section */

/* Begin PBXSourcesBuildPhase section */
		B618851E2224868500A7950D /* Sources */ = {
			isa = PBXSourcesBuildPhase;
			buildActionMask = 2147483647;
			files = (
				B618853E222487A200A7950D /* Entry.swift in Sources */,
				B61885262224868500A7950D /* AppDelegate.swift in Sources */,
			);
			runOnlyForDeploymentPostprocessing = 0;
		};
/* End PBXSourcesBuildPhase section */

/* Begin PBXVariantGroup section */
		B61885292224868500A7950D /* Main.storyboard */ = {
			isa = PBXVariantGroup;
			children = (
				B618852A2224868500A7950D /* Base */,
			);
			name = Main.storyboard;
			sourceTree = "<group>";
		};
		B618852E2224868900A7950D /* LaunchScreen.storyboard */ = {
			isa = PBXVariantGroup;
			children = (
				B618852F2224868900A7950D /* Base */,
			);
			name = LaunchScreen.storyboard;
			sourceTree = "<group>";
		};
/* End PBXVariantGroup section */

/* Begin XCBuildConfiguration section */
		B61885322224868900A7950D /* Debug */ = {
			isa = XCBuildConfiguration;
			buildSettings = {
				ALWAYS_SEARCH_USER_PATHS = NO;
				CLANG_ANALYZER_NONNULL = YES;
				CLANG_ANALYZER_NUMBER_OBJECT_CONVERSION = YES_AGGRESSIVE;
				CLANG_CXX_LANGUAGE_STANDARD = "gnu++14";
				CLANG_CXX_LIBRARY = "libc++";
				CLANG_ENABLE_MODULES = YES;
				CLANG_ENABLE_OBJC_ARC = YES;
				CLANG_ENABLE_OBJC_WEAK = YES;
				CLANG_WARN_BLOCK_CAPTURE_AUTORELEASING = YES;
				CLANG_WARN_BOOL_CONVERSION = YES;
				CLANG_WARN_COMMA = YES;
				CLANG_WARN_CONSTANT_CONVERSION = YES;
				CLANG_WARN_DEPRECATED_OBJC_IMPLEMENTATIONS = YES;
				CLANG_WARN_DIRECT_OBJC_ISA_USAGE = YES_ERROR;
				CLANG_WARN_DOCUMENTATION_COMMENTS = YES;
				CLANG_WARN_EMPTY_BODY = YES;
				CLANG_WARN_ENUM_CONVERSION = YES;
				CLANG_WARN_INFINITE_RECURSION = YES;
				CLANG_WARN_INT_CONVERSION = YES;
				CLANG_WARN_NON_LITERAL_NULL_CONVERSION = YES;
				CLANG_WARN_OBJC_IMPLICIT_RETAIN_SELF = YES;
				CLANG_WARN_OBJC_LITERAL_CONVERSION = YES;
				CLANG_WARN_OBJC_ROOT_CLASS = YES_ERROR;
				CLANG_WARN_RANGE_LOOP_ANALYSIS = YES;
				CLANG_WARN_STRICT_PROTOTYPES = YES;
				CLANG_WARN_SUSPICIOUS_MOVE = YES;
				CLANG_WARN_UNGUARDED_AVAILABILITY = YES_AGGRESSIVE;
				CLANG_WARN_UNREACHABLE_CODE = YES;
				CLANG_WARN__DUPLICATE_METHOD_MATCH = YES;
				CODE_SIGN_IDENTITY = "iPhone Developer";
				COPY_PHASE_STRIP = NO;
				DEBUG_INFORMATION_FORMAT = dwarf;
				ENABLE_STRICT_OBJC_MSGSEND = YES;
				ENABLE_TESTABILITY = YES;
				GCC_C_LANGUAGE_STANDARD = gnu11;
				GCC_DYNAMIC_NO_PIC = NO;
				GCC_NO_COMMON_BLOCKS = YES;
				GCC_OPTIMIZATION_LEVEL = 0;
				GCC_PREPROCESSOR_DEFINITIONS = (
					"DEBUG=1",
					"$(inherited)",
				);
				GCC_WARN_64_TO_32_BIT_CONVERSION = YES;
				GCC_WARN_ABOUT_RETURN_TYPE = YES_ERROR;
				GCC_WARN_UNDECLARED_SELECTOR = YES;
				GCC_WARN_UNINITIALIZED_AUTOS = YES_AGGRESSIVE;
				GCC_WARN_UNUSED_FUNCTION = YES;
				GCC_WARN_UNUSED_VARIABLE = YES;
				IPHONEOS_DEPLOYMENT_TARGET = 12.1;
				MTL_ENABLE_DEBUG_INFO = INCLUDE_SOURCE;
				MTL_FAST_MATH = YES;
				ONLY_ACTIVE_ARCH = YES;
				SDKROOT = iphoneos;
				SWIFT_ACTIVE_COMPILATION_CONDITIONS = DEBUG;
				SWIFT_OPTIMIZATION_LEVEL = "-Onone";
			};
			name = Debug;
		};
		B61885332224868900A7950D /* Release */ = {
			isa = XCBuildConfiguration;
			buildSettings = {
				ALWAYS_SEARCH_USER_PATHS = NO;
				CLANG_ANALYZER_NONNULL = YES;
				CLANG_ANALYZER_NUMBER_OBJECT_CONVERSION = YES_AGGRESSIVE;
				CLANG_CXX_LANGUAGE_STANDARD = "gnu++14";
				CLANG_CXX_LIBRARY = "libc++";
				CLANG_ENABLE_MODULES = YES;
				CLANG_ENABLE_OBJC_ARC = YES;
				CLANG_ENABLE_OBJC_WEAK = YES;
				CLANG_WARN_BLOCK_CAPTURE_AUTORELEASING = YES;
				CLANG_WARN_BOOL_CONVERSION = YES;
				CLANG_WARN_COMMA = YES;
				CLANG_WARN_CONSTANT_CONVERSION = YES;
				CLANG_WARN_DEPRECATED_OBJC_IMPLEMENTATIONS = YES;
				CLANG_WARN_DIRECT_OBJC_ISA_USAGE = YES_ERROR;
				CLANG_WARN_DOCUMENTATION_COMMENTS = YES;
				CLANG_WARN_EMPTY_BODY = YES;
				CLANG_WARN_ENUM_CONVERSION = YES;
				CLANG_WARN_INFINITE_RECURSION = YES;
				CLANG_WARN_INT_CONVERSION = YES;
				CLANG_WARN_NON_LITERAL_NULL_CONVERSION = YES;
				CLANG_WARN_OBJC_IMPLICIT_RETAIN_SELF = YES;
				CLANG_WARN_OBJC_LITERAL_CONVERSION = YES;
				CLANG_WARN_OBJC_ROOT_CLASS = YES_ERROR;
				CLANG_WARN_RANGE_LOOP_ANALYSIS = YES;
				CLANG_WARN_STRICT_PROTOTYPES = YES;
				CLANG_WARN_SUSPICIOUS_MOVE = YES;
				CLANG_WARN_UNGUARDED_AVAILABILITY = YES_AGGRESSIVE;
				CLANG_WARN_UNREACHABLE_CODE = YES;
				CLANG_WARN__DUPLICATE_METHOD_MATCH = YES;
				CODE_SIGN_IDENTITY = "iPhone Developer";
				COPY_PHASE_STRIP = NO;
				DEBUG_INFORMATION_FORMAT = "dwarf-with-dsym";
				ENABLE_NS_ASSERTIONS = NO;
				ENABLE_STRICT_OBJC_MSGSEND = YES;
				GCC_C_LANGUAGE_STANDARD = gnu11;
				GCC_NO_COMMON_BLOCKS = YES;
				GCC_WARN_64_TO_32_BIT_CONVERSION = YES;
				GCC_WARN_ABOUT_RETURN_TYPE = YES_ERROR;
				GCC_WARN_UNDECLARED_SELECTOR = YES;
				GCC_WARN_UNINITIALIZED_AUTOS = YES_AGGRESSIVE;
				GCC_WARN_UNUSED_FUNCTION = YES;
				GCC_WARN_UNUSED_VARIABLE = YES;
				IPHONEOS_DEPLOYMENT_TARGET = 12.1;
				MTL_ENABLE_DEBUG_INFO = NO;
				MTL_FAST_MATH = YES;
				SDKROOT = iphoneos;
				SWIFT_COMPILATION_MODE = wholemodule;
				SWIFT_OPTIMIZATION_LEVEL = "-O";
				VALIDATE_PRODUCT = YES;
			};
			name = Release;
		};
		B61885352224868900A7950D /* Debug */ = {
			isa = XCBuildConfiguration;
			buildSettings = {
				ASSETCATALOG_COMPILER_APPICON_NAME = AppIcon;
				CODE_SIGN_ENTITLEMENTS = JournalCK/JournalCK.entitlements;
				CODE_SIGN_STYLE = Automatic;
				DEVELOPMENT_TEAM = J6B8ZX28ZW;
				INFOPLIST_FILE = "$(SRCROOT)/JournalCK/Resources/Info.plist";
				LD_RUNPATH_SEARCH_PATHS = (
					"$(inherited)",
					"@executable_path/Frameworks",
				);
				PRODUCT_BUNDLE_IDENTIFIER = oskman.JournalCK;
				PRODUCT_NAME = "$(TARGET_NAME)";
				SWIFT_VERSION = 4.2;
				TARGETED_DEVICE_FAMILY = "1,2";
			};
			name = Debug;
		};
		B61885362224868900A7950D /* Release */ = {
			isa = XCBuildConfiguration;
			buildSettings = {
				ASSETCATALOG_COMPILER_APPICON_NAME = AppIcon;
				CODE_SIGN_ENTITLEMENTS = JournalCK/JournalCK.entitlements;
				CODE_SIGN_STYLE = Automatic;
				DEVELOPMENT_TEAM = J6B8ZX28ZW;
				INFOPLIST_FILE = "$(SRCROOT)/JournalCK/Resources/Info.plist";
				LD_RUNPATH_SEARCH_PATHS = (
					"$(inherited)",
					"@executable_path/Frameworks",
				);
				PRODUCT_BUNDLE_IDENTIFIER = oskman.JournalCK;
				PRODUCT_NAME = "$(TARGET_NAME)";
				SWIFT_VERSION = 4.2;
				TARGETED_DEVICE_FAMILY = "1,2";
			};
			name = Release;
		};
/* End XCBuildConfiguration section */

/* Begin XCConfigurationList section */
		B618851D2224868500A7950D /* Build configuration list for PBXProject "JournalCK" */ = {
			isa = XCConfigurationList;
			buildConfigurations = (
				B61885322224868900A7950D /* Debug */,
				B61885332224868900A7950D /* Release */,
			);
			defaultConfigurationIsVisible = 0;
			defaultConfigurationName = Release;
		};
		B61885342224868900A7950D /* Build configuration list for PBXNativeTarget "JournalCK" */ = {
			isa = XCConfigurationList;
			buildConfigurations = (
				B61885352224868900A7950D /* Debug */,
				B61885362224868900A7950D /* Release */,
			);
			defaultConfigurationIsVisible = 0;
			defaultConfigurationName = Release;
		};
/* End XCConfigurationList section */
	};
	rootObject = B618851A2224868500A7950D /* Project object */;
}
